
Microsoft Visual Studio Solution File, Format Version 12.00
# Visual Studio Version 17
VisualStudioVersion = 17.9.34518.117
MinimumVisualStudioVersion = 10.0.40219.1
Project("{9A19103F-16F7-4668-BE54-9A1E7A4F7556}") = "CryptoCurrencyCalculator", "CryptoCurrencyCalculator\CryptoCurrencyCalculator.csproj", "{037E73F5-DF6D-495D-AD4A-6633303B0894}"
EndProject
Project("{FAE04EC0-301F-11D3-BF4B-00C04F79EFBC}") = "CryptoCalcAppForSmartphones.Android", "CryptoCalcAppForSmartphones\CryptoCalcAppForSmartphones.Android\CryptoCalcAppForSmartphones.Android.csproj", "{A0D60B7F-6E6B-43FE-8AA6-CF4FD1A35A43}"
EndProject
Project("{FAE04EC0-301F-11D3-BF4B-00C04F79EFBC}") = "CryptoCalcAppForSmartphones.iOS", "CryptoCalcAppForSmartphones\CryptoCalcAppForSmartphones.iOS\CryptoCalcAppForSmartphones.iOS.csproj", "{94E013C0-4B3C-4D7D-A822-0585B16E609F}"
EndProject
Project("{9A19103F-16F7-4668-BE54-9A1E7A4F7556}") = "CryptoCalcAppForSmartphones", "CryptoCalcAppForSmartphones\CryptoCalcAppForSmartphones\CryptoCalcAppForSmartphones.csproj", "{CC8C4BF3-EBBE-4EE2-A2F3-168FC4B56541}"
EndProject
Project("{FAE04EC0-301F-11D3-BF4B-00C04F79EFBC}") = "WinFormsApp1", "WinFormsApp1\WinFormsApp1.csproj", "{0407CB5D-BDE4-4DF8-8ADF-E0534153B2A2}"
EndProject
Global
	GlobalSection(SolutionConfigurationPlatforms) = preSolution
		Debug|Any CPU = Debug|Any CPU
		Debug|iPhone = Debug|iPhone
		Debug|iPhoneSimulator = Debug|iPhoneSimulator
		Release|Any CPU = Release|Any CPU
		Release|iPhone = Release|iPhone
		Release|iPhoneSimulator = Release|iPhoneSimulator
	EndGlobalSection
	GlobalSection(ProjectConfigurationPlatforms) = postSolution
		{037E73F5-DF6D-495D-AD4A-6633303B0894}.Debug|Any CPU.ActiveCfg = Debug|Any CPU
		{037E73F5-DF6D-495D-AD4A-6633303B0894}.Debug|Any CPU.Build.0 = Debug|Any CPU
		{037E73F5-DF6D-495D-AD4A-6633303B0894}.Debug|iPhone.ActiveCfg = Debug|Any CPU
		{037E73F5-DF6D-495D-AD4A-6633303B0894}.Debug|iPhone.Build.0 = Debug|Any CPU
		{037E73F5-DF6D-495D-AD4A-6633303B0894}.Debug|iPhoneSimulator.ActiveCfg = Debug|Any CPU
		{037E73F5-DF6D-495D-AD4A-6633303B0894}.Debug|iPhoneSimulator.Build.0 = Debug|Any CPU
		{037E73F5-DF6D-495D-AD4A-6633303B0894}.Release|Any CPU.ActiveCfg = Release|Any CPU
		{037E73F5-DF6D-495D-AD4A-6633303B0894}.Release|Any CPU.Build.0 = Release|Any CPU
		{037E73F5-DF6D-495D-AD4A-6633303B0894}.Release|iPhone.ActiveCfg = Release|Any CPU
		{037E73F5-DF6D-495D-AD4A-6633303B0894}.Release|iPhone.Build.0 = Release|Any CPU
		{037E73F5-DF6D-495D-AD4A-6633303B0894}.Release|iPhoneSimulator.ActiveCfg = Release|Any CPU
		{037E73F5-DF6D-495D-AD4A-6633303B0894}.Release|iPhoneSimulator.Build.0 = Release|Any CPU
		{A0D60B7F-6E6B-43FE-8AA6-CF4FD1A35A43}.Debug|Any CPU.ActiveCfg = Debug|Any CPU
		{A0D60B7F-6E6B-43FE-8AA6-CF4FD1A35A43}.Debug|Any CPU.Build.0 = Debug|Any CPU
		{A0D60B7F-6E6B-43FE-8AA6-CF4FD1A35A43}.Debug|Any CPU.Deploy.0 = Debug|Any CPU
		{A0D60B7F-6E6B-43FE-8AA6-CF4FD1A35A43}.Debug|iPhone.ActiveCfg = Debug|Any CPU
		{A0D60B7F-6E6B-43FE-8AA6-CF4FD1A35A43}.Debug|iPhone.Build.0 = Debug|Any CPU
		{A0D60B7F-6E6B-43FE-8AA6-CF4FD1A35A43}.Debug|iPhone.Deploy.0 = Debug|Any CPU
		{A0D60B7F-6E6B-43FE-8AA6-CF4FD1A35A43}.Debug|iPhoneSimulator.ActiveCfg = Debug|Any CPU
		{A0D60B7F-6E6B-43FE-8AA6-CF4FD1A35A43}.Debug|iPhoneSimulator.Build.0 = Debug|Any CPU
		{A0D60B7F-6E6B-43FE-8AA6-CF4FD1A35A43}.Debug|iPhoneSimulator.Deploy.0 = Debug|Any CPU
		{A0D60B7F-6E6B-43FE-8AA6-CF4FD1A35A43}.Release|Any CPU.ActiveCfg = Release|Any CPU
		{A0D60B7F-6E6B-43FE-8AA6-CF4FD1A35A43}.Release|Any CPU.Build.0 = Release|Any CPU
		{A0D60B7F-6E6B-43FE-8AA6-CF4FD1A35A43}.Release|Any CPU.Deploy.0 = Release|Any CPU
		{A0D60B7F-6E6B-43FE-8AA6-CF4FD1A35A43}.Release|iPhone.ActiveCfg = Release|Any CPU
		{A0D60B7F-6E6B-43FE-8AA6-CF4FD1A35A43}.Release|iPhone.Build.0 = Release|Any CPU
		{A0D60B7F-6E6B-43FE-8AA6-CF4FD1A35A43}.Release|iPhone.Deploy.0 = Release|Any CPU
		{A0D60B7F-6E6B-43FE-8AA6-CF4FD1A35A43}.Release|iPhoneSimulator.ActiveCfg = Release|Any CPU
		{A0D60B7F-6E6B-43FE-8AA6-CF4FD1A35A43}.Release|iPhoneSimulator.Build.0 = Release|Any CPU
		{A0D60B7F-6E6B-43FE-8AA6-CF4FD1A35A43}.Release|iPhoneSimulator.Deploy.0 = Release|Any CPU
		{94E013C0-4B3C-4D7D-A822-0585B16E609F}.Debug|Any CPU.ActiveCfg = Debug|iPhoneSimulator
		{94E013C0-4B3C-4D7D-A822-0585B16E609F}.Debug|Any CPU.Build.0 = Debug|iPhoneSimulator
		{94E013C0-4B3C-4D7D-A822-0585B16E609F}.Debug|iPhone.ActiveCfg = Debug|iPhone
		{94E013C0-4B3C-4D7D-A822-0585B16E609F}.Debug|iPhone.Build.0 = Debug|iPhone
		{94E013C0-4B3C-4D7D-A822-0585B16E609F}.Debug|iPhoneSimulator.ActiveCfg = Debug|iPhoneSimulator
		{94E013C0-4B3C-4D7D-A822-0585B16E609F}.Debug|iPhoneSimulator.Build.0 = Debug|iPhoneSimulator
		{94E013C0-4B3C-4D7D-A822-0585B16E609F}.Release|Any CPU.ActiveCfg = Release|iPhoneSimulator
		{94E013C0-4B3C-4D7D-A822-0585B16E609F}.Release|Any CPU.Build.0 = Release|iPhoneSimulator
		{94E013C0-4B3C-4D7D-A822-0585B16E609F}.Release|iPhone.ActiveCfg = Release|iPhone
		{94E013C0-4B3C-4D7D-A822-0585B16E609F}.Release|iPhone.Build.0 = Release|iPhone
		{94E013C0-4B3C-4D7D-A822-0585B16E609F}.Release|iPhoneSimulator.ActiveCfg = Release|iPhoneSimulator
		{94E013C0-4B3C-4D7D-A822-0585B16E609F}.Release|iPhoneSimulator.Build.0 = Release|iPhoneSimulator
		{CC8C4BF3-EBBE-4EE2-A2F3-168FC4B56541}.Debug|Any CPU.ActiveCfg = Debug|Any CPU
		{CC8C4BF3-EBBE-4EE2-A2F3-168FC4B56541}.Debug|Any CPU.Build.0 = Debug|Any CPU
		{CC8C4BF3-EBBE-4EE2-A2F3-168FC4B56541}.Debug|iPhone.ActiveCfg = Debug|Any CPU
		{CC8C4BF3-EBBE-4EE2-A2F3-168FC4B56541}.Debug|iPhone.Build.0 = Debug|Any CPU
		{CC8C4BF3-EBBE-4EE2-A2F3-168FC4B56541}.Debug|iPhoneSimulator.ActiveCfg = Debug|Any CPU
		{CC8C4BF3-EBBE-4EE2-A2F3-168FC4B56541}.Debug|iPhoneSimulator.Build.0 = Debug|Any CPU
		{CC8C4BF3-EBBE-4EE2-A2F3-168FC4B56541}.Release|Any CPU.ActiveCfg = Release|Any CPU
		{CC8C4BF3-EBBE-4EE2-A2F3-168FC4B56541}.Release|Any CPU.Build.0 = Release|Any CPU
		{CC8C4BF3-EBBE-4EE2-A2F3-168FC4B56541}.Release|iPhone.ActiveCfg = Release|Any CPU
		{CC8C4BF3-EBBE-4EE2-A2F3-168FC4B56541}.Release|iPhone.Build.0 = Release|Any CPU
		{CC8C4BF3-EBBE-4EE2-A2F3-168FC4B56541}.Release|iPhoneSimulator.ActiveCfg = Release|Any CPU
		{CC8C4BF3-EBBE-4EE2-A2F3-168FC4B56541}.Release|iPhoneSimulator.Build.0 = Release|Any CPU
		{0407CB5D-BDE4-4DF8-8ADF-E0534153B2A2}.Debug|Any CPU.ActiveCfg = Debug|Any CPU
		{0407CB5D-BDE4-4DF8-8ADF-E0534153B2A2}.Debug|Any CPU.Build.0 = Debug|Any CPU
		{0407CB5D-BDE4-4DF8-8ADF-E0534153B2A2}.Debug|iPhone.ActiveCfg = Debug|Any CPU
		{0407CB5D-BDE4-4DF8-8ADF-E0534153B2A2}.Debug|iPhone.Build.0 = Debug|Any CPU
		{0407CB5D-BDE4-4DF8-8ADF-E0534153B2A2}.Debug|iPhoneSimulator.ActiveCfg = Debug|Any CPU
		{0407CB5D-BDE4-4DF8-8ADF-E0534153B2A2}.Debug|iPhoneSimulator.Build.0 = Debug|Any CPU
		{0407CB5D-BDE4-4DF8-8ADF-E0534153B2A2}.Release|Any CPU.ActiveCfg = Release|Any CPU
		{0407CB5D-BDE4-4DF8-8ADF-E0534153B2A2}.Release|Any CPU.Build.0 = Release|Any CPU
		{0407CB5D-BDE4-4DF8-8ADF-E0534153B2A2}.Release|iPhone.ActiveCfg = Release|Any CPU
		{0407CB5D-BDE4-4DF8-8ADF-E0534153B2A2}.Release|iPhone.Build.0 = Release|Any CPU
		{0407CB5D-BDE4-4DF8-8ADF-E0534153B2A2}.Release|iPhoneSimulator.ActiveCfg = Release|Any CPU
		{0407CB5D-BDE4-4DF8-8ADF-E0534153B2A2}.Release|iPhoneSimulator.Build.0 = Release|Any CPU
	EndGlobalSection
	GlobalSection(SolutionProperties) = preSolution
		HideSolutionNode = FALSE
	EndGlobalSection
	GlobalSection(ExtensibilityGlobals) = postSolution
		SolutionGuid = {F8D0FA15-B038-4554-A22A-5579F12EBA60}
	EndGlobalSection
EndGlobal
